
Microsoft Visual Studio Solution File, Format Version 12.00
# Visual Studio Version 17
VisualStudioVersion = 17.5.33516.290
MinimumVisualStudioVersion = 10.0.40219.1
Project("{FAE04EC0-301F-11D3-BF4B-00C04F79EFBC}") = "WPF_04C_Events_in_XAML", "WPF_04C_Events_in_XAML\WPF_04C_Events_in_XAML.csproj", "{6C4F96D1-9ED2-4002-B67C-CA4C765A960D}"
EndProject
Global
	GlobalSection(SolutionConfigurationPlatforms) = preSolution
		Debug|Any CPU = Debug|Any CPU
		Release|Any CPU = Release|Any CPU
	EndGlobalSection
	GlobalSection(ProjectConfigurationPlatforms) = postSolution
		{6C4F96D1-9ED2-4002-B67C-CA4C765A960D}.Debug|Any CPU.ActiveCfg = Debug|Any CPU
		{6C4F96D1-9ED2-4002-B67C-CA4C765A960D}.Debug|Any CPU.Build.0 = Debug|Any CPU
		{6C4F96D1-9ED2-4002-B67C-CA4C765A960D}.Release|Any CPU.ActiveCfg = Release|Any CPU
		{6C4F96D1-9ED2-4002-B67C-CA4C765A960D}.Release|Any CPU.Build.0 = Release|Any CPU
	EndGlobalSection
	GlobalSection(SolutionProperties) = preSolution
		HideSolutionNode = FALSE
	EndGlobalSection
	GlobalSection(ExtensibilityGlobals) = postSolution
		SolutionGuid = {E752AEEE-9968-4245-A881-2474DB1F2726}
	EndGlobalSection
EndGlobal
