
Microsoft Visual Studio Solution File, Format Version 12.00
# Visual Studio Version 17
VisualStudioVersion = 17.4.33213.308
MinimumVisualStudioVersion = 10.0.40219.1
Project("{FAE04EC0-301F-11D3-BF4B-00C04F79EFBC}") = "NullablesE", "NullablesE\NullablesE.csproj", "{61AAD7A9-B82F-429B-A7C9-3CDC4C4DCCE8}"
EndProject
Global
	GlobalSection(SolutionConfigurationPlatforms) = preSolution
		Debug|Any CPU = Debug|Any CPU
		Release|Any CPU = Release|Any CPU
	EndGlobalSection
	GlobalSection(ProjectConfigurationPlatforms) = postSolution
		{61AAD7A9-B82F-429B-A7C9-3CDC4C4DCCE8}.Debug|Any CPU.ActiveCfg = Debug|Any CPU
		{61AAD7A9-B82F-429B-A7C9-3CDC4C4DCCE8}.Debug|Any CPU.Build.0 = Debug|Any CPU
		{61AAD7A9-B82F-429B-A7C9-3CDC4C4DCCE8}.Release|Any CPU.ActiveCfg = Release|Any CPU
		{61AAD7A9-B82F-429B-A7C9-3CDC4C4DCCE8}.Release|Any CPU.Build.0 = Release|Any CPU
	EndGlobalSection
	GlobalSection(SolutionProperties) = preSolution
		HideSolutionNode = FALSE
	EndGlobalSection
	GlobalSection(ExtensibilityGlobals) = postSolution
		SolutionGuid = {C8A57652-29EC-4A63-8D96-628F7F0D024C}
	EndGlobalSection
EndGlobal
