
Microsoft Visual Studio Solution File, Format Version 12.00
# Visual Studio Version 17
VisualStudioVersion = 17.4.33213.308
MinimumVisualStudioVersion = 10.0.40219.1
Project("{FAE04EC0-301F-11D3-BF4B-00C04F79EFBC}") = "VirtualOverrideDemo", "VirtualOverrideDemo\VirtualOverrideDemo.csproj", "{BB0A4A73-885B-4E69-8986-5529E4AD6117}"
EndProject
Global
	GlobalSection(SolutionConfigurationPlatforms) = preSolution
		Debug|Any CPU = Debug|Any CPU
		Release|Any CPU = Release|Any CPU
	EndGlobalSection
	GlobalSection(ProjectConfigurationPlatforms) = postSolution
		{BB0A4A73-885B-4E69-8986-5529E4AD6117}.Debug|Any CPU.ActiveCfg = Debug|Any CPU
		{BB0A4A73-885B-4E69-8986-5529E4AD6117}.Debug|Any CPU.Build.0 = Debug|Any CPU
		{BB0A4A73-885B-4E69-8986-5529E4AD6117}.Release|Any CPU.ActiveCfg = Release|Any CPU
		{BB0A4A73-885B-4E69-8986-5529E4AD6117}.Release|Any CPU.Build.0 = Release|Any CPU
	EndGlobalSection
	GlobalSection(SolutionProperties) = preSolution
		HideSolutionNode = FALSE
	EndGlobalSection
	GlobalSection(ExtensibilityGlobals) = postSolution
		SolutionGuid = {873CEE0D-DFB6-4329-B55C-1742EDC0DBB9}
	EndGlobalSection
EndGlobal
