
Microsoft Visual Studio Solution File, Format Version 12.00
# Visual Studio Version 17
VisualStudioVersion = 17.4.33213.308
MinimumVisualStudioVersion = 10.0.40219.1
Project("{FAE04EC0-301F-11D3-BF4B-00C04F79EFBC}") = "RegexE", "RegexE\RegexE.csproj", "{06A14F8F-DA20-45EE-8742-EE58368A10E5}"
EndProject
Global
	GlobalSection(SolutionConfigurationPlatforms) = preSolution
		Debug|Any CPU = Debug|Any CPU
		Release|Any CPU = Release|Any CPU
	EndGlobalSection
	GlobalSection(ProjectConfigurationPlatforms) = postSolution
		{06A14F8F-DA20-45EE-8742-EE58368A10E5}.Debug|Any CPU.ActiveCfg = Debug|Any CPU
		{06A14F8F-DA20-45EE-8742-EE58368A10E5}.Debug|Any CPU.Build.0 = Debug|Any CPU
		{06A14F8F-DA20-45EE-8742-EE58368A10E5}.Release|Any CPU.ActiveCfg = Release|Any CPU
		{06A14F8F-DA20-45EE-8742-EE58368A10E5}.Release|Any CPU.Build.0 = Release|Any CPU
	EndGlobalSection
	GlobalSection(SolutionProperties) = preSolution
		HideSolutionNode = FALSE
	EndGlobalSection
	GlobalSection(ExtensibilityGlobals) = postSolution
		SolutionGuid = {9F3EECD4-E733-44D9-BAD6-9D898013C591}
	EndGlobalSection
EndGlobal
