
Microsoft Visual Studio Solution File, Format Version 12.00
# Visual Studio Version 17
VisualStudioVersion = 17.4.33213.308
MinimumVisualStudioVersion = 10.0.40219.1
Project("{FAE04EC0-301F-11D3-BF4B-00C04F79EFBC}") = "EventsAndMulticastDelegates", "EventsAndMulticastDelegates\EventsAndMulticastDelegates.csproj", "{A2D6B2CE-DC0F-4F2B-A17D-08F578F92B65}"
EndProject
Global
	GlobalSection(SolutionConfigurationPlatforms) = preSolution
		Debug|Any CPU = Debug|Any CPU
		Release|Any CPU = Release|Any CPU
	EndGlobalSection
	GlobalSection(ProjectConfigurationPlatforms) = postSolution
		{A2D6B2CE-DC0F-4F2B-A17D-08F578F92B65}.Debug|Any CPU.ActiveCfg = Debug|Any CPU
		{A2D6B2CE-DC0F-4F2B-A17D-08F578F92B65}.Debug|Any CPU.Build.0 = Debug|Any CPU
		{A2D6B2CE-DC0F-4F2B-A17D-08F578F92B65}.Release|Any CPU.ActiveCfg = Release|Any CPU
		{A2D6B2CE-DC0F-4F2B-A17D-08F578F92B65}.Release|Any CPU.Build.0 = Release|Any CPU
	EndGlobalSection
	GlobalSection(SolutionProperties) = preSolution
		HideSolutionNode = FALSE
	EndGlobalSection
	GlobalSection(ExtensibilityGlobals) = postSolution
		SolutionGuid = {77C90048-2C4F-4255-8312-D6FB7FFDD63F}
	EndGlobalSection
EndGlobal
