
Microsoft Visual Studio Solution File, Format Version 12.00
# Visual Studio Version 17
VisualStudioVersion = 17.5.33516.290
MinimumVisualStudioVersion = 10.0.40219.1
Project("{FAE04EC0-301F-11D3-BF4B-00C04F79EFBC}") = "WPF_02C-XAML_Basics", "WPF_02C-XAML_Basics\WPF_02C-XAML_Basics.csproj", "{96576F2C-2E6F-4B43-BE03-D6BCEF046431}"
EndProject
Global
	GlobalSection(SolutionConfigurationPlatforms) = preSolution
		Debug|Any CPU = Debug|Any CPU
		Release|Any CPU = Release|Any CPU
	EndGlobalSection
	GlobalSection(ProjectConfigurationPlatforms) = postSolution
		{96576F2C-2E6F-4B43-BE03-D6BCEF046431}.Debug|Any CPU.ActiveCfg = Debug|Any CPU
		{96576F2C-2E6F-4B43-BE03-D6BCEF046431}.Debug|Any CPU.Build.0 = Debug|Any CPU
		{96576F2C-2E6F-4B43-BE03-D6BCEF046431}.Release|Any CPU.ActiveCfg = Release|Any CPU
		{96576F2C-2E6F-4B43-BE03-D6BCEF046431}.Release|Any CPU.Build.0 = Release|Any CPU
	EndGlobalSection
	GlobalSection(SolutionProperties) = preSolution
		HideSolutionNode = FALSE
	EndGlobalSection
	GlobalSection(ExtensibilityGlobals) = postSolution
		SolutionGuid = {1ECF5BF0-AB34-414D-B155-5DCCEBE3828E}
	EndGlobalSection
EndGlobal
