
Microsoft Visual Studio Solution File, Format Version 12.00
# Visual Studio Version 17
VisualStudioVersion = 17.4.33213.308
MinimumVisualStudioVersion = 10.0.40219.1
Project("{FAE04EC0-301F-11D3-BF4B-00C04F79EFBC}") = "DataTimeT", "DataTimeT\DataTimeT.csproj", "{61464CFE-49E5-4976-AD00-852FF9173B7C}"
EndProject
Global
	GlobalSection(SolutionConfigurationPlatforms) = preSolution
		Debug|Any CPU = Debug|Any CPU
		Release|Any CPU = Release|Any CPU
	EndGlobalSection
	GlobalSection(ProjectConfigurationPlatforms) = postSolution
		{61464CFE-49E5-4976-AD00-852FF9173B7C}.Debug|Any CPU.ActiveCfg = Debug|Any CPU
		{61464CFE-49E5-4976-AD00-852FF9173B7C}.Debug|Any CPU.Build.0 = Debug|Any CPU
		{61464CFE-49E5-4976-AD00-852FF9173B7C}.Release|Any CPU.ActiveCfg = Release|Any CPU
		{61464CFE-49E5-4976-AD00-852FF9173B7C}.Release|Any CPU.Build.0 = Release|Any CPU
	EndGlobalSection
	GlobalSection(SolutionProperties) = preSolution
		HideSolutionNode = FALSE
	EndGlobalSection
	GlobalSection(ExtensibilityGlobals) = postSolution
		SolutionGuid = {01B5386D-0A00-4098-AE12-65EA3D2AE260}
	EndGlobalSection
EndGlobal
